<?xml version="1.0" encoding="utf-8"?>
<Project ToolsVersion="4.0" xmlns="http://schemas.microsoft.com/developer/msbuild/2003">
  <ItemGroup>
    <Filter Include="Source Files">
      <UniqueIdentifier>{4FC737F1-C7A5-4376-A066-2A32D752A2FF}</UniqueIdentifier>
      <Extensions>cpp;c;cc;cxx;c++;def;odl;idl;hpj;bat;asm;asmx</Extensions>
    </Filter>
    <Filter Include="Header Files">
      <UniqueIdentifier>{93995380-89BD-4b04-88EB-625FBE52EBFB}</UniqueIdentifier>
      <Extensions>h;hh;hpp;hxx;h++;hm;inl;inc;ipp;xsd</Extensions>
    </Filter>
    <Filter Include="Resource Files">
      <UniqueIdentifier>{67DA6AB6-F800-4c08-8B7A-83BB121AAD01}</UniqueIdentifier>
      <Extensions>rc;ico;cur;bmp;dlg;rc2;rct;bin;rgs;gif;jpg;jpeg;jpe;resx;tiff;tif;png;wav;mfcribbon-ms</Extensions>
    </Filter>
    <Filter Include="Exercises">
      <UniqueIdentifier>{1223440f-5031-44db-98bc-43df8ec41790}</UniqueIdentifier>
    </Filter>
    <Filter Include="Try This Exercises">
      <UniqueIdentifier>{537bb00f-4842-4319-975a-2a96e6d3c392}</UniqueIdentifier>
    </Filter>
  </ItemGroup>
  <ItemGroup>
    <ClCompile Include="Chapter 5 Drill.cpp">
      <Filter>Source Files</Filter>
    </ClCompile>
    <ClCompile Include="Q2.cpp">
      <Filter>Exercises</Filter>
    </ClCompile>
    <ClCompile Include="Q3.cpp">
      <Filter>Exercises</Filter>
    </ClCompile>
    <ClCompile Include="Q4.cpp">
      <Filter>Exercises</Filter>
    </ClCompile>
    <ClCompile Include="Q5.cpp">
      <Filter>Exercises</Filter>
    </ClCompile>
    <ClCompile Include="Q6.cpp">
      <Filter>Exercises</Filter>
    </ClCompile>
    <ClCompile Include="Q7.cpp">
      <Filter>Exercises</Filter>
    </ClCompile>
    <ClCompile Include="Q8.cpp">
      <Filter>Exercises</Filter>
    </ClCompile>
    <ClCompile Include="Q9.cpp">
      <Filter>Exercises</Filter>
    </ClCompile>
    <ClCompile Include="Q10.cpp">
      <Filter>Exercises</Filter>
    </ClCompile>
    <ClCompile Include="Q11.cpp">
      <Filter>Exercises</Filter>
    </ClCompile>
    <ClCompile Include="Q12.cpp">
      <Filter>Exercises</Filter>
    </ClCompile>
    <ClCompile Include="Q14.cpp">
      <Filter>Exercises</Filter>
    </ClCompile>
  </ItemGroup>
  <ItemGroup>
    <ClInclude Include="Chapter 5 Drill.h">
      <Filter>Header Files</Filter>
    </ClInclude>
  </ItemGroup>
  <ItemGroup>
    <Text Include="Chapter 5 Review.txt" />
    <Text Include="Chapter 5 Terms.txt" />
  </ItemGroup>
</Project>